// !$*UTF8*$!
{
	archiveVersion = 1;
	classes = {
	};
	objectVersion = 46;
	objects = {

/* Begin PBXBuildFile section */
		4E1BF4FC1651368300803036 /* SystemConfiguration.framework in Frameworks */ = {isa = PBXBuildFile; fileRef = 4E1BF4FB1651368300803036 /* SystemConfiguration.framework */; };
		4E1BF50E1651526800803036 /* Programma.m in Sources */ = {isa = PBXBuildFile; fileRef = 4E1BF50D1651526800803036 /* Programma.m */; };
		4E1BF5161651538700803036 /* TFHpple.m in Sources */ = {isa = PBXBuildFile; fileRef = 4E1BF5111651538700803036 /* TFHpple.m */; };
		4E1BF5171651538700803036 /* TFHppleElement.m in Sources */ = {isa = PBXBuildFile; fileRef = 4E1BF5131651538700803036 /* TFHppleElement.m */; };
		4E1BF5181651538700803036 /* XPathQuery.m in Sources */ = {isa = PBXBuildFile; fileRef = 4E1BF5151651538700803036 /* XPathQuery.m */; };
		4E1BF51C16515CE800803036 /* TVGuideDetailViewController.h in Headers */ = {isa = PBXBuildFile; fileRef = 4E1BF51A16515CE800803036 /* TVGuideDetailViewController.h */; };
		4E1BF51D16515CE800803036 /* TVGuideDetailViewController.m in Sources */ = {isa = PBXBuildFile; fileRef = 4E1BF51B16515CE800803036 /* TVGuideDetailViewController.m */; };
		7AA6049E164A8D330045331B /* UIKit.framework in Frameworks */ = {isa = PBXBuildFile; fileRef = 7AA6049D164A8D330045331B /* UIKit.framework */; };
		7AA604A0164A8D330045331B /* Foundation.framework in Frameworks */ = {isa = PBXBuildFile; fileRef = 7AA6049F164A8D330045331B /* Foundation.framework */; };
		7AA604A2164A8D330045331B /* CoreGraphics.framework in Frameworks */ = {isa = PBXBuildFile; fileRef = 7AA604A1164A8D330045331B /* CoreGraphics.framework */; };
		7AA604A8164A8D330045331B /* InfoPlist.strings in Resources */ = {isa = PBXBuildFile; fileRef = 7AA604A6164A8D330045331B /* InfoPlist.strings */; };
		7AA604AA164A8D330045331B /* main.m in Sources */ = {isa = PBXBuildFile; fileRef = 7AA604A9164A8D330045331B /* main.m */; };
		7AA604AE164A8D330045331B /* AppDelegate.m in Sources */ = {isa = PBXBuildFile; fileRef = 7AA604AD164A8D330045331B /* AppDelegate.m */; };
		7AA604B0164A8D330045331B /* Default.png in Resources */ = {isa = PBXBuildFile; fileRef = 7AA604AF164A8D330045331B /* Default.png */; };
		7AA604B2164A8D330045331B /* Default@2x.png in Resources */ = {isa = PBXBuildFile; fileRef = 7AA604B1164A8D330045331B /* Default@2x.png */; };
		7AA604B4164A8D330045331B /* Default-568h@2x.png in Resources */ = {isa = PBXBuildFile; fileRef = 7AA604B3164A8D330045331B /* Default-568h@2x.png */; };
		7AA604B7164A8D330045331B /* MainStoryboard.storyboard in Resources */ = {isa = PBXBuildFile; fileRef = 7AA604B5164A8D330045331B /* MainStoryboard.storyboard */; };
		7AA604C2164A8D330045331B /* SenTestingKit.framework in Frameworks */ = {isa = PBXBuildFile; fileRef = 7AA604C1164A8D330045331B /* SenTestingKit.framework */; };
		7AA604C3164A8D330045331B /* UIKit.framework in Frameworks */ = {isa = PBXBuildFile; fileRef = 7AA6049D164A8D330045331B /* UIKit.framework */; };
		7AA604C4164A8D330045331B /* Foundation.framework in Frameworks */ = {isa = PBXBuildFile; fileRef = 7AA6049F164A8D330045331B /* Foundation.framework */; };
		7AF0B5C9164FF4C500A829A0 /* TVGuideMain.m in Sources */ = {isa = PBXBuildFile; fileRef = 7AF0B5C8164FF4C500A829A0 /* TVGuideMain.m */; };
		DC0EDD6816584814001462A9 /* tvpg.jpg in Resources */ = {isa = PBXBuildFile; fileRef = DC0EDD6516584814001462A9 /* tvpg.jpg */; };
		DC0EDD6916584814001462A9 /* tv14.jpg in Resources */ = {isa = PBXBuildFile; fileRef = DC0EDD6616584814001462A9 /* tv14.jpg */; };
		DC0EDD6A16584814001462A9 /* tvy.jpg in Resources */ = {isa = PBXBuildFile; fileRef = DC0EDD6716584814001462A9 /* tvy.jpg */; };
		DC0EDD6C16584A5A001462A9 /* ProgramCell.xib in Resources */ = {isa = PBXBuildFile; fileRef = DC0EDD6B16584A5A001462A9 /* ProgramCell.xib */; };
		DC0EDD6F16584CCF001462A9 /* ProgramCell.h in Headers */ = {isa = PBXBuildFile; fileRef = DC0EDD6D16584CCF001462A9 /* ProgramCell.h */; };
		DC0EDD7016584CCF001462A9 /* ProgramCell.m in Sources */ = {isa = PBXBuildFile; fileRef = DC0EDD6E16584CCF001462A9 /* ProgramCell.m */; };
		DCC4BDB0165A887F00BA412D /* bad.png in Resources */ = {isa = PBXBuildFile; fileRef = DCC4BDAE165A887F00BA412D /* bad.png */; };
		DCC4BDB1165A887F00BA412D /* good.png in Resources */ = {isa = PBXBuildFile; fileRef = DCC4BDAF165A887F00BA412D /* good.png */; };
		E618ACF2164F0DBB00F83830 /* MathPlay.m in Sources */ = {isa = PBXBuildFile; fileRef = E618ACF1164F0DBB00F83830 /* MathPlay.m */; };
		E618ACF5164F1DAA00F83830 /* MathMenu.m in Sources */ = {isa = PBXBuildFile; fileRef = E618ACF4164F1DAA00F83830 /* MathMenu.m */; };
/* End PBXBuildFile section */

/* Begin PBXContainerItemProxy section */
		7AA604C5164A8D330045331B /* PBXContainerItemProxy */ = {
			isa = PBXContainerItemProxy;
			containerPortal = 7AA60490164A8D320045331B /* Project object */;
			proxyType = 1;
			remoteGlobalIDString = 7AA60498164A8D330045331B;
			remoteInfo = "iOS-Thumbler";
		};
/* End PBXContainerItemProxy section */

/* Begin PBXFileReference section */
		4E1BF4FB1651368300803036 /* SystemConfiguration.framework */ = {isa = PBXFileReference; lastKnownFileType = wrapper.framework; name = SystemConfiguration.framework; path = System/Library/Frameworks/SystemConfiguration.framework; sourceTree = SDKROOT; };
		4E1BF50C1651526800803036 /* Programma.h */ = {isa = PBXFileReference; fileEncoding = 4; lastKnownFileType = sourcecode.c.h; path = Programma.h; sourceTree = "<group>"; };
		4E1BF50D1651526800803036 /* Programma.m */ = {isa = PBXFileReference; fileEncoding = 4; lastKnownFileType = sourcecode.c.objc; path = Programma.m; sourceTree = "<group>"; };
		4E1BF5101651538700803036 /* TFHpple.h */ = {isa = PBXFileReference; fileEncoding = 4; lastKnownFileType = sourcecode.c.h; path = TFHpple.h; sourceTree = "<group>"; };
		4E1BF5111651538700803036 /* TFHpple.m */ = {isa = PBXFileReference; fileEncoding = 4; lastKnownFileType = sourcecode.c.objc; path = TFHpple.m; sourceTree = "<group>"; };
		4E1BF5121651538700803036 /* TFHppleElement.h */ = {isa = PBXFileReference; fileEncoding = 4; lastKnownFileType = sourcecode.c.h; path = TFHppleElement.h; sourceTree = "<group>"; };
		4E1BF5131651538700803036 /* TFHppleElement.m */ = {isa = PBXFileReference; fileEncoding = 4; lastKnownFileType = sourcecode.c.objc; path = TFHppleElement.m; sourceTree = "<group>"; };
		4E1BF5141651538700803036 /* XPathQuery.h */ = {isa = PBXFileReference; fileEncoding = 4; lastKnownFileType = sourcecode.c.h; path = XPathQuery.h; sourceTree = "<group>"; };
		4E1BF5151651538700803036 /* XPathQuery.m */ = {isa = PBXFileReference; fileEncoding = 4; lastKnownFileType = sourcecode.c.objc; path = XPathQuery.m; sourceTree = "<group>"; };
		4E1BF51A16515CE800803036 /* TVGuideDetailViewController.h */ = {isa = PBXFileReference; fileEncoding = 4; lastKnownFileType = sourcecode.c.h; path = TVGuideDetailViewController.h; sourceTree = "<group>"; };
		4E1BF51B16515CE800803036 /* TVGuideDetailViewController.m */ = {isa = PBXFileReference; fileEncoding = 4; lastKnownFileType = sourcecode.c.objc; path = TVGuideDetailViewController.m; sourceTree = "<group>"; };
		7AA60499164A8D330045331B /* iOS-Thumbler.app */ = {isa = PBXFileReference; explicitFileType = wrapper.application; includeInIndex = 0; path = "iOS-Thumbler.app"; sourceTree = BUILT_PRODUCTS_DIR; };
		7AA6049D164A8D330045331B /* UIKit.framework */ = {isa = PBXFileReference; lastKnownFileType = wrapper.framework; name = UIKit.framework; path = System/Library/Frameworks/UIKit.framework; sourceTree = SDKROOT; };
		7AA6049F164A8D330045331B /* Foundation.framework */ = {isa = PBXFileReference; lastKnownFileType = wrapper.framework; name = Foundation.framework; path = System/Library/Frameworks/Foundation.framework; sourceTree = SDKROOT; };
		7AA604A1164A8D330045331B /* CoreGraphics.framework */ = {isa = PBXFileReference; lastKnownFileType = wrapper.framework; name = CoreGraphics.framework; path = System/Library/Frameworks/CoreGraphics.framework; sourceTree = SDKROOT; };
		7AA604A5164A8D330045331B /* iOS-Thumbler-Info.plist */ = {isa = PBXFileReference; lastKnownFileType = text.plist.xml; path = "iOS-Thumbler-Info.plist"; sourceTree = "<group>"; };
		7AA604A7164A8D330045331B /* en */ = {isa = PBXFileReference; lastKnownFileType = text.plist.strings; name = en; path = en.lproj/InfoPlist.strings; sourceTree = "<group>"; };
		7AA604A9164A8D330045331B /* main.m */ = {isa = PBXFileReference; lastKnownFileType = sourcecode.c.objc; path = main.m; sourceTree = "<group>"; };
		7AA604AB164A8D330045331B /* iOS-Thumbler-Prefix.pch */ = {isa = PBXFileReference; lastKnownFileType = sourcecode.c.h; path = "iOS-Thumbler-Prefix.pch"; sourceTree = "<group>"; };
		7AA604AC164A8D330045331B /* AppDelegate.h */ = {isa = PBXFileReference; lastKnownFileType = sourcecode.c.h; path = AppDelegate.h; sourceTree = "<group>"; };
		7AA604AD164A8D330045331B /* AppDelegate.m */ = {isa = PBXFileReference; lastKnownFileType = sourcecode.c.objc; path = AppDelegate.m; sourceTree = "<group>"; };
		7AA604AF164A8D330045331B /* Default.png */ = {isa = PBXFileReference; lastKnownFileType = image.png; path = Default.png; sourceTree = "<group>"; };
		7AA604B1164A8D330045331B /* Default@2x.png */ = {isa = PBXFileReference; lastKnownFileType = image.png; path = "Default@2x.png"; sourceTree = "<group>"; };
		7AA604B3164A8D330045331B /* Default-568h@2x.png */ = {isa = PBXFileReference; lastKnownFileType = image.png; path = "Default-568h@2x.png"; sourceTree = "<group>"; };
		7AA604B6164A8D330045331B /* en */ = {isa = PBXFileReference; lastKnownFileType = file.storyboard; name = en; path = en.lproj/MainStoryboard.storyboard; sourceTree = "<group>"; };
		7AA604C0164A8D330045331B /* iOS-ThumblerTests.octest */ = {isa = PBXFileReference; explicitFileType = wrapper.cfbundle; includeInIndex = 0; path = "iOS-ThumblerTests.octest"; sourceTree = BUILT_PRODUCTS_DIR; };
		7AA604C1164A8D330045331B /* SenTestingKit.framework */ = {isa = PBXFileReference; lastKnownFileType = wrapper.framework; name = SenTestingKit.framework; path = Library/Frameworks/SenTestingKit.framework; sourceTree = DEVELOPER_DIR; };
		7AF0B5C7164FF4C500A829A0 /* TVGuideMain.h */ = {isa = PBXFileReference; fileEncoding = 4; lastKnownFileType = sourcecode.c.h; path = TVGuideMain.h; sourceTree = "<group>"; };
		7AF0B5C8164FF4C500A829A0 /* TVGuideMain.m */ = {isa = PBXFileReference; fileEncoding = 4; lastKnownFileType = sourcecode.c.objc; path = TVGuideMain.m; sourceTree = "<group>"; };
		DC0EDD6516584814001462A9 /* tvpg.jpg */ = {isa = PBXFileReference; lastKnownFileType = image.jpeg; path = tvpg.jpg; sourceTree = "<group>"; };
		DC0EDD6616584814001462A9 /* tv14.jpg */ = {isa = PBXFileReference; lastKnownFileType = image.jpeg; path = tv14.jpg; sourceTree = "<group>"; };
		DC0EDD6716584814001462A9 /* tvy.jpg */ = {isa = PBXFileReference; lastKnownFileType = image.jpeg; path = tvy.jpg; sourceTree = "<group>"; };
		DC0EDD6B16584A5A001462A9 /* ProgramCell.xib */ = {isa = PBXFileReference; fileEncoding = 4; lastKnownFileType = file.xib; path = ProgramCell.xib; sourceTree = "<group>"; };
		DC0EDD6D16584CCF001462A9 /* ProgramCell.h */ = {isa = PBXFileReference; fileEncoding = 4; lastKnownFileType = sourcecode.c.h; path = ProgramCell.h; sourceTree = "<group>"; };
		DC0EDD6E16584CCF001462A9 /* ProgramCell.m */ = {isa = PBXFileReference; fileEncoding = 4; lastKnownFileType = sourcecode.c.objc; path = ProgramCell.m; sourceTree = "<group>"; };
		DCC4BDAE165A887F00BA412D /* bad.png */ = {isa = PBXFileReference; lastKnownFileType = image.png; path = bad.png; sourceTree = "<group>"; };
		DCC4BDAF165A887F00BA412D /* good.png */ = {isa = PBXFileReference; lastKnownFileType = image.png; path = good.png; sourceTree = "<group>"; };
		E618ACF0164F0DBB00F83830 /* MathPlay.h */ = {isa = PBXFileReference; fileEncoding = 4; lastKnownFileType = sourcecode.c.h; name = MathPlay.h; path = ../MathPlay.h; sourceTree = "<group>"; };
		E618ACF1164F0DBB00F83830 /* MathPlay.m */ = {isa = PBXFileReference; fileEncoding = 4; lastKnownFileType = sourcecode.c.objc; name = MathPlay.m; path = ../MathPlay.m; sourceTree = "<group>"; };
		E618ACF3164F1DAA00F83830 /* MathMenu.h */ = {isa = PBXFileReference; fileEncoding = 4; lastKnownFileType = sourcecode.c.h; name = MathMenu.h; path = ../MathMenu.h; sourceTree = "<group>"; };
		E618ACF4164F1DAA00F83830 /* MathMenu.m */ = {isa = PBXFileReference; fileEncoding = 4; lastKnownFileType = sourcecode.c.objc; name = MathMenu.m; path = ../MathMenu.m; sourceTree = "<group>"; };
/* End PBXFileReference section */

/* Begin PBXFrameworksBuildPhase section */
		7AA60496164A8D330045331B /* Frameworks */ = {
			isa = PBXFrameworksBuildPhase;
			buildActionMask = 2147483647;
			files = (
				4E1BF4FC1651368300803036 /* SystemConfiguration.framework in Frameworks */,
				7AA6049E164A8D330045331B /* UIKit.framework in Frameworks */,
				7AA604A0164A8D330045331B /* Foundation.framework in Frameworks */,
				7AA604A2164A8D330045331B /* CoreGraphics.framework in Frameworks */,
			);
			runOnlyForDeploymentPostprocessing = 0;
		};
		7AA604BC164A8D330045331B /* Frameworks */ = {
			isa = PBXFrameworksBuildPhase;
			buildActionMask = 2147483647;
			files = (
				7AA604C2164A8D330045331B /* SenTestingKit.framework in Frameworks */,
				7AA604C3164A8D330045331B /* UIKit.framework in Frameworks */,
				7AA604C4164A8D330045331B /* Foundation.framework in Frameworks */,
			);
			runOnlyForDeploymentPostprocessing = 0;
		};
/* End PBXFrameworksBuildPhase section */

/* Begin PBXGroup section */
		4E1BF50B1651525300803036 /* Model */ = {
			isa = PBXGroup;
			children = (
				4E1BF50C1651526800803036 /* Programma.h */,
				4E1BF50D1651526800803036 /* Programma.m */,
				DC0EDD6B16584A5A001462A9 /* ProgramCell.xib */,
				DC0EDD6D16584CCF001462A9 /* ProgramCell.h */,
				DC0EDD6E16584CCF001462A9 /* ProgramCell.m */,
			);
			name = Model;
			sourceTree = "<group>";
		};
		4E1BF50F1651535E00803036 /* hpple */ = {
			isa = PBXGroup;
			children = (
				4E1BF5101651538700803036 /* TFHpple.h */,
				4E1BF5111651538700803036 /* TFHpple.m */,
				4E1BF5121651538700803036 /* TFHppleElement.h */,
				4E1BF5131651538700803036 /* TFHppleElement.m */,
				4E1BF5141651538700803036 /* XPathQuery.h */,
				4E1BF5151651538700803036 /* XPathQuery.m */,
			);
			name = hpple;
			sourceTree = "<group>";
		};
		7AA6048E164A8D320045331B = {
			isa = PBXGroup;
			children = (
				4E1BF4FB1651368300803036 /* SystemConfiguration.framework */,
				7AA604A3164A8D330045331B /* iOS-Thumbler */,
				7AA6049C164A8D330045331B /* Frameworks */,
				7AA6049A164A8D330045331B /* Products */,
			);
			sourceTree = "<group>";
		};
		7AA6049A164A8D330045331B /* Products */ = {
			isa = PBXGroup;
			children = (
				7AA60499164A8D330045331B /* iOS-Thumbler.app */,
				7AA604C0164A8D330045331B /* iOS-ThumblerTests.octest */,
			);
			name = Products;
			sourceTree = "<group>";
		};
		7AA6049C164A8D330045331B /* Frameworks */ = {
			isa = PBXGroup;
			children = (
				7AA6049D164A8D330045331B /* UIKit.framework */,
				7AA6049F164A8D330045331B /* Foundation.framework */,
				7AA604A1164A8D330045331B /* CoreGraphics.framework */,
				7AA604C1164A8D330045331B /* SenTestingKit.framework */,
			);
			name = Frameworks;
			sourceTree = "<group>";
		};
		7AA604A3164A8D330045331B /* iOS-Thumbler */ = {
			isa = PBXGroup;
			children = (
				E61A108F164FC048003B1465 /* GPSCamera */,
				E61A108E164FC041003B1465 /* TVGuide */,
				E61A108D164FBFE3003B1465 /* MathGame */,
				7AA604AC164A8D330045331B /* AppDelegate.h */,
				7AA604AD164A8D330045331B /* AppDelegate.m */,
				7AA604B5164A8D330045331B /* MainStoryboard.storyboard */,
				7AA604A4164A8D330045331B /* Supporting Files */,
			);
			path = "iOS-Thumbler";
			sourceTree = "<group>";
		};
		7AA604A4164A8D330045331B /* Supporting Files */ = {
			isa = PBXGroup;
			children = (
				DC0EDD63165847E6001462A9 /* Images */,
				7AA604A5164A8D330045331B /* iOS-Thumbler-Info.plist */,
				7AA604A6164A8D330045331B /* InfoPlist.strings */,
				7AA604A9164A8D330045331B /* main.m */,
				7AA604AB164A8D330045331B /* iOS-Thumbler-Prefix.pch */,
				7AA604AF164A8D330045331B /* Default.png */,
				7AA604B1164A8D330045331B /* Default@2x.png */,
				7AA604B3164A8D330045331B /* Default-568h@2x.png */,
			);
			name = "Supporting Files";
			sourceTree = "<group>";
		};
		DC0EDD63165847E6001462A9 /* Images */ = {
			isa = PBXGroup;
			children = (
				DCC4BDAE165A887F00BA412D /* bad.png */,
				DCC4BDAF165A887F00BA412D /* good.png */,
				DC0EDD6516584814001462A9 /* tvpg.jpg */,
				DC0EDD6616584814001462A9 /* tv14.jpg */,
				DC0EDD6716584814001462A9 /* tvy.jpg */,
			);
			name = Images;
			sourceTree = "<group>";
		};
		E61A108D164FBFE3003B1465 /* MathGame */ = {
			isa = PBXGroup;
			children = (
				E618ACF3164F1DAA00F83830 /* MathMenu.h */,
				E618ACF4164F1DAA00F83830 /* MathMenu.m */,
				E618ACF0164F0DBB00F83830 /* MathPlay.h */,
				E618ACF1164F0DBB00F83830 /* MathPlay.m */,
			);
			name = MathGame;
			sourceTree = "<group>";
		};
		E61A108E164FC041003B1465 /* TVGuide */ = {
			isa = PBXGroup;
			children = (
				4E1BF50F1651535E00803036 /* hpple */,
				4E1BF50B1651525300803036 /* Model */,
				7AF0B5C7164FF4C500A829A0 /* TVGuideMain.h */,
				7AF0B5C8164FF4C500A829A0 /* TVGuideMain.m */,
				4E1BF51A16515CE800803036 /* TVGuideDetailViewController.h */,
				4E1BF51B16515CE800803036 /* TVGuideDetailViewController.m */,
			);
			name = TVGuide;
			sourceTree = "<group>";
		};
		E61A108F164FC048003B1465 /* GPSCamera */ = {
			isa = PBXGroup;
			children = (
			);
			name = GPSCamera;
			sourceTree = "<group>";
		};
/* End PBXGroup section */

/* Begin PBXHeadersBuildPhase section */
		4E1BF519165153BB00803036 /* Headers */ = {
			isa = PBXHeadersBuildPhase;
			buildActionMask = 2147483647;
			files = (
				4E1BF51C16515CE800803036 /* TVGuideDetailViewController.h in Headers */,
				DC0EDD6F16584CCF001462A9 /* ProgramCell.h in Headers */,
			);
			runOnlyForDeploymentPostprocessing = 0;
		};
/* End PBXHeadersBuildPhase section */

/* Begin PBXNativeTarget section */
		7AA60498164A8D330045331B /* iOS-Thumbler */ = {
			isa = PBXNativeTarget;
			buildConfigurationList = 7AA604D2164A8D330045331B /* Build configuration list for PBXNativeTarget "iOS-Thumbler" */;
			buildPhases = (
				7AA60495164A8D330045331B /* Sources */,
				7AA60496164A8D330045331B /* Frameworks */,
				7AA60497164A8D330045331B /* Resources */,
				4E1BF519165153BB00803036 /* Headers */,
			);
			buildRules = (
			);
			dependencies = (
			);
			name = "iOS-Thumbler";
			productName = "iOS-Thumbler";
			productReference = 7AA60499164A8D330045331B /* iOS-Thumbler.app */;
			productType = "com.apple.product-type.application";
		};
		7AA604BF164A8D330045331B /* iOS-ThumblerTests */ = {
			isa = PBXNativeTarget;
			buildConfigurationList = 7AA604D5164A8D330045331B /* Build configuration list for PBXNativeTarget "iOS-ThumblerTests" */;
			buildPhases = (
				7AA604BB164A8D330045331B /* Sources */,
				7AA604BC164A8D330045331B /* Frameworks */,
				7AA604BD164A8D330045331B /* Resources */,
				7AA604BE164A8D330045331B /* ShellScript */,
			);
			buildRules = (
			);
			dependencies = (
				7AA604C6164A8D330045331B /* PBXTargetDependency */,
			);
			name = "iOS-ThumblerTests";
			productName = "iOS-ThumblerTests";
			productReference = 7AA604C0164A8D330045331B /* iOS-ThumblerTests.octest */;
			productType = "com.apple.product-type.bundle";
		};
/* End PBXNativeTarget section */

/* Begin PBXProject section */
		7AA60490164A8D320045331B /* Project object */ = {
			isa = PBXProject;
			attributes = {
				LastUpgradeCheck = 0450;
				ORGANIZATIONNAME = PHL;
			};
			buildConfigurationList = 7AA60493164A8D320045331B /* Build configuration list for PBXProject "iOS-Thumbler" */;
			compatibilityVersion = "Xcode 3.2";
			developmentRegion = English;
			hasScannedForEncodings = 0;
			knownRegions = (
				en,
			);
			mainGroup = 7AA6048E164A8D320045331B;
			productRefGroup = 7AA6049A164A8D330045331B /* Products */;
			projectDirPath = "";
			projectRoot = "";
			targets = (
				7AA60498164A8D330045331B /* iOS-Thumbler */,
				7AA604BF164A8D330045331B /* iOS-ThumblerTests */,
			);
		};
/* End PBXProject section */

/* Begin PBXResourcesBuildPhase section */
		7AA60497164A8D330045331B /* Resources */ = {
			isa = PBXResourcesBuildPhase;
			buildActionMask = 2147483647;
			files = (
				7AA604A8164A8D330045331B /* InfoPlist.strings in Resources */,
				7AA604B0164A8D330045331B /* Default.png in Resources */,
				7AA604B2164A8D330045331B /* Default@2x.png in Resources */,
				7AA604B4164A8D330045331B /* Default-568h@2x.png in Resources */,
				7AA604B7164A8D330045331B /* MainStoryboard.storyboard in Resources */,
				DC0EDD6816584814001462A9 /* tvpg.jpg in Resources */,
				DC0EDD6916584814001462A9 /* tv14.jpg in Resources */,
				DC0EDD6A16584814001462A9 /* tvy.jpg in Resources */,
				DC0EDD6C16584A5A001462A9 /* ProgramCell.xib in Resources */,
				DCC4BDB0165A887F00BA412D /* bad.png in Resources */,
				DCC4BDB1165A887F00BA412D /* good.png in Resources */,
			);
			runOnlyForDeploymentPostprocessing = 0;
		};
		7AA604BD164A8D330045331B /* Resources */ = {
			isa = PBXResourcesBuildPhase;
			buildActionMask = 2147483647;
			files = (
			);
			runOnlyForDeploymentPostprocessing = 0;
		};
/* End PBXResourcesBuildPhase section */

/* Begin PBXShellScriptBuildPhase section */
		7AA604BE164A8D330045331B /* ShellScript */ = {
			isa = PBXShellScriptBuildPhase;
			buildActionMask = 2147483647;
			files = (
			);
			inputPaths = (
			);
			outputPaths = (
			);
			runOnlyForDeploymentPostprocessing = 0;
			shellPath = /bin/sh;
			shellScript = "# Run the unit tests in this test bundle.\n\"${SYSTEM_DEVELOPER_DIR}/Tools/RunUnitTests\"\n";
		};
/* End PBXShellScriptBuildPhase section */

/* Begin PBXSourcesBuildPhase section */
		7AA60495164A8D330045331B /* Sources */ = {
			isa = PBXSourcesBuildPhase;
			buildActionMask = 2147483647;
			files = (
				7AA604AA164A8D330045331B /* main.m in Sources */,
				7AA604AE164A8D330045331B /* AppDelegate.m in Sources */,
				E618ACF2164F0DBB00F83830 /* MathPlay.m in Sources */,
				E618ACF5164F1DAA00F83830 /* MathMenu.m in Sources */,
				7AF0B5C9164FF4C500A829A0 /* TVGuideMain.m in Sources */,
				4E1BF50E1651526800803036 /* Programma.m in Sources */,
				4E1BF5161651538700803036 /* TFHpple.m in Sources */,
				4E1BF5171651538700803036 /* TFHppleElement.m in Sources */,
				4E1BF5181651538700803036 /* XPathQuery.m in Sources */,
				4E1BF51D16515CE800803036 /* TVGuideDetailViewController.m in Sources */,
				DC0EDD7016584CCF001462A9 /* ProgramCell.m in Sources */,
			);
			runOnlyForDeploymentPostprocessing = 0;
		};
		7AA604BB164A8D330045331B /* Sources */ = {
			isa = PBXSourcesBuildPhase;
			buildActionMask = 2147483647;
			files = (
			);
			runOnlyForDeploymentPostprocessing = 0;
		};
/* End PBXSourcesBuildPhase section */

/* Begin PBXTargetDependency section */
		7AA604C6164A8D330045331B /* PBXTargetDependency */ = {
			isa = PBXTargetDependency;
			target = 7AA60498164A8D330045331B /* iOS-Thumbler */;
			targetProxy = 7AA604C5164A8D330045331B /* PBXContainerItemProxy */;
		};
/* End PBXTargetDependency section */

/* Begin PBXVariantGroup section */
		7AA604A6164A8D330045331B /* InfoPlist.strings */ = {
			isa = PBXVariantGroup;
			children = (
				7AA604A7164A8D330045331B /* en */,
			);
			name = InfoPlist.strings;
			sourceTree = "<group>";
		};
		7AA604B5164A8D330045331B /* MainStoryboard.storyboard */ = {
			isa = PBXVariantGroup;
			children = (
				7AA604B6164A8D330045331B /* en */,
			);
			name = MainStoryboard.storyboard;
			sourceTree = "<group>";
		};
/* End PBXVariantGroup section */

/* Begin XCBuildConfiguration section */
		7AA604D0164A8D330045331B /* Debug */ = {
			isa = XCBuildConfiguration;
			buildSettings = {
				ALWAYS_SEARCH_USER_PATHS = NO;
				CLANG_CXX_LANGUAGE_STANDARD = "gnu++0x";
				CLANG_CXX_LIBRARY = "libc++";
				CLANG_ENABLE_OBJC_ARC = YES;
				CLANG_WARN_EMPTY_BODY = YES;
				CLANG_WARN__DUPLICATE_METHOD_MATCH = YES;
				"CODE_SIGN_IDENTITY[sdk=iphoneos*]" = "iPhone Developer";
				COPY_PHASE_STRIP = NO;
				GCC_C_LANGUAGE_STANDARD = gnu99;
				GCC_DYNAMIC_NO_PIC = NO;
				GCC_OPTIMIZATION_LEVEL = 0;
				GCC_PREPROCESSOR_DEFINITIONS = (
					"DEBUG=1",
					"$(inherited)",
				);
				GCC_SYMBOLS_PRIVATE_EXTERN = NO;
				GCC_WARN_ABOUT_RETURN_TYPE = YES;
				GCC_WARN_UNINITIALIZED_AUTOS = YES;
				GCC_WARN_UNUSED_VARIABLE = YES;
				IPHONEOS_DEPLOYMENT_TARGET = 6.0;
				ONLY_ACTIVE_ARCH = YES;
				SDKROOT = iphoneos;
			};
			name = Debug;
		};
		7AA604D1164A8D330045331B /* Release */ = {
			isa = XCBuildConfiguration;
			buildSettings = {
				ALWAYS_SEARCH_USER_PATHS = NO;
				CLANG_CXX_LANGUAGE_STANDARD = "gnu++0x";
				CLANG_CXX_LIBRARY = "libc++";
				CLANG_ENABLE_OBJC_ARC = YES;
				CLANG_WARN_EMPTY_BODY = YES;
				CLANG_WARN__DUPLICATE_METHOD_MATCH = YES;
				"CODE_SIGN_IDENTITY[sdk=iphoneos*]" = "iPhone Developer";
				COPY_PHASE_STRIP = YES;
				GCC_C_LANGUAGE_STANDARD = gnu99;
				GCC_WARN_ABOUT_RETURN_TYPE = YES;
				GCC_WARN_UNINITIALIZED_AUTOS = YES;
				GCC_WARN_UNUSED_VARIABLE = YES;
				IPHONEOS_DEPLOYMENT_TARGET = 6.0;
				OTHER_CFLAGS = "-DNS_BLOCK_ASSERTIONS=1";
				SDKROOT = iphoneos;
				VALIDATE_PRODUCT = YES;
			};
			name = Release;
		};
		7AA604D3164A8D330045331B /* Debug */ = {
			isa = XCBuildConfiguration;
			buildSettings = {
				GCC_PRECOMPILE_PREFIX_HEADER = YES;
				GCC_PREFIX_HEADER = "iOS-Thumbler/iOS-Thumbler-Prefix.pch";
				HEADER_SEARCH_PATHS = "${SDKROOT}/usr/include/libxml2/**";
				INFOPLIST_FILE = "iOS-Thumbler/iOS-Thumbler-Info.plist";
				OTHER_LDFLAGS = "-lxml2";
				PRODUCT_NAME = "$(TARGET_NAME)";
				WRAPPER_EXTENSION = app;
			};
			name = Debug;
		};
		7AA604D4164A8D330045331B /* Release */ = {
			isa = XCBuildConfiguration;
			buildSettings = {
				GCC_PRECOMPILE_PREFIX_HEADER = YES;
				GCC_PREFIX_HEADER = "iOS-Thumbler/iOS-Thumbler-Prefix.pch";
				HEADER_SEARCH_PATHS = "${SDKROOT}/usr/include/libxml2/**";
				INFOPLIST_FILE = "iOS-Thumbler/iOS-Thumbler-Info.plist";
				OTHER_LDFLAGS = "-lxml2";
				PRODUCT_NAME = "$(TARGET_NAME)";
				WRAPPER_EXTENSION = app;
			};
			name = Release;
		};
		7AA604D6164A8D330045331B /* Debug */ = {
			isa = XCBuildConfiguration;
			buildSettings = {
				BUNDLE_LOADER = "$(BUILT_PRODUCTS_DIR)/iOS-Thumbler.app/iOS-Thumbler";
				FRAMEWORK_SEARCH_PATHS = (
					"\"$(SDKROOT)/Developer/Library/Frameworks\"",
					"\"$(DEVELOPER_LIBRARY_DIR)/Frameworks\"",
				);
				GCC_PRECOMPILE_PREFIX_HEADER = YES;
				GCC_PREFIX_HEADER = "iOS-Thumbler/iOS-Thumbler-Prefix.pch";
				INFOPLIST_FILE = "iOS-ThumblerTests/iOS-ThumblerTests-Info.plist";
				PRODUCT_NAME = "$(TARGET_NAME)";
				TEST_HOST = "$(BUNDLE_LOADER)";
				WRAPPER_EXTENSION = octest;
			};
			name = Debug;
		};
		7AA604D7164A8D330045331B /* Release */ = {
			isa = XCBuildConfiguration;
			buildSettings = {
				BUNDLE_LOADER = "$(BUILT_PRODUCTS_DIR)/iOS-Thumbler.app/iOS-Thumbler";
				FRAMEWORK_SEARCH_PATHS = (
					"\"$(SDKROOT)/Developer/Library/Frameworks\"",
					"\"$(DEVELOPER_LIBRARY_DIR)/Frameworks\"",
				);
				GCC_PRECOMPILE_PREFIX_HEADER = YES;
				GCC_PREFIX_HEADER = "iOS-Thumbler/iOS-Thumbler-Prefix.pch";
				INFOPLIST_FILE = "iOS-ThumblerTests/iOS-ThumblerTests-Info.plist";
				PRODUCT_NAME = "$(TARGET_NAME)";
				TEST_HOST = "$(BUNDLE_LOADER)";
				WRAPPER_EXTENSION = octest;
			};
			name = Release;
		};
/* End XCBuildConfiguration section */

/* Begin XCConfigurationList section */
		7AA60493164A8D320045331B /* Build configuration list for PBXProject "iOS-Thumbler" */ = {
			isa = XCConfigurationList;
			buildConfigurations = (
				7AA604D0164A8D330045331B /* Debug */,
				7AA604D1164A8D330045331B /* Release */,
			);
			defaultConfigurationIsVisible = 0;
			defaultConfigurationName = Release;
		};
		7AA604D2164A8D330045331B /* Build configuration list for PBXNativeTarget "iOS-Thumbler" */ = {
			isa = XCConfigurationList;
			buildConfigurations = (
				7AA604D3164A8D330045331B /* Debug */,
				7AA604D4164A8D330045331B /* Release */,
			);
			defaultConfigurationIsVisible = 0;
			defaultConfigurationName = Release;
		};
		7AA604D5164A8D330045331B /* Build configuration list for PBXNativeTarget "iOS-ThumblerTests" */ = {
			isa = XCConfigurationList;
			buildConfigurations = (
				7AA604D6164A8D330045331B /* Debug */,
				7AA604D7164A8D330045331B /* Release */,
			);
			defaultConfigurationIsVisible = 0;
			defaultConfigurationName = Release;
		};
/* End XCConfigurationList section */
	};
	rootObject = 7AA60490164A8D320045331B /* Project object */;
}
